
Microsoft Visual Studio Solution File, Format Version 12.00
# Visual Studio Version 17
VisualStudioVersion = 17.1.32319.34
MinimumVisualStudioVersion = 10.0.40219.1
Project("{8BC9CEB8-8B4A-11D0-8D11-00A0C91BC942}") = "matrixMult", "matrixMult\matrixMult.vcxproj", "{050B4BD7-48F7-425F-8EC9-EB1BCE080A0F}"
EndProject
Global
	GlobalSection(SolutionConfigurationPlatforms) = preSolution
		Debug|x64 = Debug|x64
		Release|x64 = Release|x64
	EndGlobalSection
	GlobalSection(ProjectConfigurationPlatforms) = postSolution
		{050B4BD7-48F7-425F-8EC9-EB1BCE080A0F}.Debug|x64.ActiveCfg = Debug|x64
		{050B4BD7-48F7-425F-8EC9-EB1BCE080A0F}.Debug|x64.Build.0 = Debug|x64
		{050B4BD7-48F7-425F-8EC9-EB1BCE080A0F}.Release|x64.ActiveCfg = Release|x64
		{050B4BD7-48F7-425F-8EC9-EB1BCE080A0F}.Release|x64.Build.0 = Release|x64
	EndGlobalSection
	GlobalSection(SolutionProperties) = preSolution
		HideSolutionNode = FALSE
	EndGlobalSection
	GlobalSection(ExtensibilityGlobals) = postSolution
		SolutionGuid = {A265127A-5CDF-4D8E-8DBB-90B0419B5AE0}
	EndGlobalSection
EndGlobal
